// !$*UTF8*$!
{
	archiveVersion = 1;
	classes = {
	};
	objectVersion = 46;
	objects = {

/* Begin PBXBuildFile section */
		DC260D2E1CCDC7BE00844C93 /* main.m in Sources */ = {isa = PBXBuildFile; fileRef = DC260D2D1CCDC7BE00844C93 /* main.m */; };
		DC260D311CCDC7BE00844C93 /* AppDelegate.m in Sources */ = {isa = PBXBuildFile; fileRef = DC260D301CCDC7BE00844C93 /* AppDelegate.m */; };
		DC260D341CCDC7BE00844C93 /* ViewController.m in Sources */ = {isa = PBXBuildFile; fileRef = DC260D331CCDC7BE00844C93 /* ViewController.m */; };
		DC260D371CCDC7BE00844C93 /* Main.storyboard in Resources */ = {isa = PBXBuildFile; fileRef = DC260D351CCDC7BE00844C93 /* Main.storyboard */; };
		DC260D391CCDC7BE00844C93 /* Images.xcassets in Resources */ = {isa = PBXBuildFile; fileRef = DC260D381CCDC7BE00844C93 /* Images.xcassets */; };
		DC260D3C1CCDC7BE00844C93 /* LaunchScreen.xib in Resources */ = {isa = PBXBuildFile; fileRef = DC260D3A1CCDC7BE00844C93 /* LaunchScreen.xib */; };
		DC260D481CCDC7BE00844C93 /* gitHudDemoTests.m in Sources */ = {isa = PBXBuildFile; fileRef = DC260D471CCDC7BE00844C93 /* gitHudDemoTests.m */; };
/* End PBXBuildFile section */

/* Begin PBXContainerItemProxy section */
		DC260D421CCDC7BE00844C93 /* PBXContainerItemProxy */ = {
			isa = PBXContainerItemProxy;
			containerPortal = DC260D201CCDC7BE00844C93 /* Project object */;
			proxyType = 1;
			remoteGlobalIDString = DC260D271CCDC7BE00844C93;
			remoteInfo = gitHudDemo;
		};
/* End PBXContainerItemProxy section */

/* Begin PBXFileReference section */
		DC260D281CCDC7BE00844C93 /* gitHudDemo.app */ = {isa = PBXFileReference; explicitFileType = wrapper.application; includeInIndex = 0; path = gitHudDemo.app; sourceTree = BUILT_PRODUCTS_DIR; };
		DC260D2C1CCDC7BE00844C93 /* Info.plist */ = {isa = PBXFileReference; lastKnownFileType = text.plist.xml; path = Info.plist; sourceTree = "<group>"; };
		DC260D2D1CCDC7BE00844C93 /* main.m */ = {isa = PBXFileReference; lastKnownFileType = sourcecode.c.objc; path = main.m; sourceTree = "<group>"; };
		DC260D2F1CCDC7BE00844C93 /* AppDelegate.h */ = {isa = PBXFileReference; lastKnownFileType = sourcecode.c.h; path = AppDelegate.h; sourceTree = "<group>"; };
		DC260D301CCDC7BE00844C93 /* AppDelegate.m */ = {isa = PBXFileReference; lastKnownFileType = sourcecode.c.objc; path = AppDelegate.m; sourceTree = "<group>"; };
		DC260D321CCDC7BE00844C93 /* ViewController.h */ = {isa = PBXFileReference; lastKnownFileType = sourcecode.c.h; path = ViewController.h; sourceTree = "<group>"; };
		DC260D331CCDC7BE00844C93 /* ViewController.m */ = {isa = PBXFileReference; lastKnownFileType = sourcecode.c.objc; path = ViewController.m; sourceTree = "<group>"; };
		DC260D361CCDC7BE00844C93 /* Base */ = {isa = PBXFileReference; lastKnownFileType = file.storyboard; name = Base; path = Base.lproj/Main.storyboard; sourceTree = "<group>"; };
		DC260D381CCDC7BE00844C93 /* Images.xcassets */ = {isa = PBXFileReference; lastKnownFileType = folder.assetcatalog; path = Images.xcassets; sourceTree = "<group>"; };
		DC260D3B1CCDC7BE00844C93 /* Base */ = {isa = PBXFileReference; lastKnownFileType = file.xib; name = Base; path = Base.lproj/LaunchScreen.xib; sourceTree = "<group>"; };
		DC260D411CCDC7BE00844C93 /* gitHudDemoTests.xctest */ = {isa = PBXFileReference; explicitFileType = wrapper.cfbundle; includeInIndex = 0; path = gitHudDemoTests.xctest; sourceTree = BUILT_PRODUCTS_DIR; };
		DC260D461CCDC7BE00844C93 /* Info.plist */ = {isa = PBXFileReference; lastKnownFileType = text.plist.xml; path = Info.plist; sourceTree = "<group>"; };
		DC260D471CCDC7BE00844C93 /* gitHudDemoTests.m */ = {isa = PBXFileReference; lastKnownFileType = sourcecode.c.objc; path = gitHudDemoTests.m; sourceTree = "<group>"; };
/* End PBXFileReference section */

/* Begin PBXFrameworksBuildPhase section */
		DC260D251CCDC7BE00844C93 /* Frameworks */ = {
			isa = PBXFrameworksBuildPhase;
			buildActionMask = 2147483647;
			files = (
			);
			runOnlyForDeploymentPostprocessing = 0;
		};
		DC260D3E1CCDC7BE00844C93 /* Frameworks */ = {
			isa = PBXFrameworksBuildPhase;
			buildActionMask = 2147483647;
			files = (
			);
			runOnlyForDeploymentPostprocessing = 0;
		};
/* End PBXFrameworksBuildPhase section */

/* Begin PBXGroup section */
		DC260D1F1CCDC7BE00844C93 = {
			isa = PBXGroup;
			children = (
				DC260D2A1CCDC7BE00844C93 /* gitHudDemo */,
				DC260D441CCDC7BE00844C93 /* gitHudDemoTests */,
				DC260D291CCDC7BE00844C93 /* Products */,
			);
			sourceTree = "<group>";
		};
		DC260D291CCDC7BE00844C93 /* Products */ = {
			isa = PBXGroup;
			children = (
				DC260D281CCDC7BE00844C93 /* gitHudDemo.app */,
				DC260D411CCDC7BE00844C93 /* gitHudDemoTests.xctest */,
			);
			name = Products;
			sourceTree = "<group>";
		};
		DC260D2A1CCDC7BE00844C93 /* gitHudDemo */ = {
			isa = PBXGroup;
			children = (
				DC260D2F1CCDC7BE00844C93 /* AppDelegate.h */,
				DC260D301CCDC7BE00844C93 /* AppDelegate.m */,
				DC260D321CCDC7BE00844C93 /* ViewController.h */,
				DC260D331CCDC7BE00844C93 /* ViewController.m */,
				DC260D351CCDC7BE00844C93 /* Main.storyboard */,
				DC260D381CCDC7BE00844C93 /* Images.xcassets */,
				DC260D3A1CCDC7BE00844C93 /* LaunchScreen.xib */,
				DC260D2B1CCDC7BE00844C93 /* Supporting Files */,
			);
			path = gitHudDemo;
			sourceTree = "<group>";
		};
		DC260D2B1CCDC7BE00844C93 /* Supporting Files */ = {
			isa = PBXGroup;
			children = (
				DC260D2C1CCDC7BE00844C93 /* Info.plist */,
				DC260D2D1CCDC7BE00844C93 /* main.m */,
			);
			name = "Supporting Files";
			sourceTree = "<group>";
		};
		DC260D441CCDC7BE00844C93 /* gitHudDemoTests */ = {
			isa = PBXGroup;
			children = (
				DC260D471CCDC7BE00844C93 /* gitHudDemoTests.m */,
				DC260D451CCDC7BE00844C93 /* Supporting Files */,
			);
			path = gitHudDemoTests;
			sourceTree = "<group>";
		};
		DC260D451CCDC7BE00844C93 /* Supporting Files */ = {
			isa = PBXGroup;
			children = (
				DC260D461CCDC7BE00844C93 /* Info.plist */,
			);
			name = "Supporting Files";
			sourceTree = "<group>";
		};
/* End PBXGroup section */

/* Begin PBXNativeTarget section */
		DC260D271CCDC7BE00844C93 /* gitHudDemo */ = {
			isa = PBXNativeTarget;
			buildConfigurationList = DC260D4B1CCDC7BE00844C93 /* Build configuration list for PBXNativeTarget "gitHudDemo" */;
			buildPhases = (
				DC260D241CCDC7BE00844C93 /* Sources */,
				DC260D251CCDC7BE00844C93 /* Frameworks */,
				DC260D261CCDC7BE00844C93 /* Resources */,
			);
			buildRules = (
			);
			dependencies = (
			);
			name = gitHudDemo;
			productName = gitHudDemo;
			productReference = DC260D281CCDC7BE00844C93 /* gitHudDemo.app */;
			productType = "com.apple.product-type.application";
		};
		DC260D401CCDC7BE00844C93 /* gitHudDemoTests */ = {
			isa = PBXNativeTarget;
			buildConfigurationList = DC260D4E1CCDC7BE00844C93 /* Build configuration list for PBXNativeTarget "gitHudDemoTests" */;
			buildPhases = (
				DC260D3D1CCDC7BE00844C93 /* Sources */,
				DC260D3E1CCDC7BE00844C93 /* Frameworks */,
				DC260D3F1CCDC7BE00844C93 /* Resources */,
			);
			buildRules = (
			);
			dependencies = (
				DC260D431CCDC7BE00844C93 /* PBXTargetDependency */,
			);
			name = gitHudDemoTests;
			productName = gitHudDemoTests;
			productReference = DC260D411CCDC7BE00844C93 /* gitHudDemoTests.xctest */;
			productType = "com.apple.product-type.bundle.unit-test";
		};
/* End PBXNativeTarget section */

/* Begin PBXProject section */
		DC260D201CCDC7BE00844C93 /* Project object */ = {
			isa = PBXProject;
			attributes = {
				LastUpgradeCheck = 0640;
				ORGANIZATIONNAME = qf;
				TargetAttributes = {
					DC260D271CCDC7BE00844C93 = {
						CreatedOnToolsVersion = 6.4;
					};
					DC260D401CCDC7BE00844C93 = {
						CreatedOnToolsVersion = 6.4;
						TestTargetID = DC260D271CCDC7BE00844C93;
					};
				};
			};
			buildConfigurationList = DC260D231CCDC7BE00844C93 /* Build configuration list for PBXProject "gitHudDemo" */;
			compatibilityVersion = "Xcode 3.2";
			developmentRegion = English;
			hasScannedForEncodings = 0;
			knownRegions = (
				en,
				Base,
			);
			mainGroup = DC260D1F1CCDC7BE00844C93;
			productRefGroup = DC260D291CCDC7BE00844C93 /* Products */;
			projectDirPath = "";
			projectRoot = "";
			targets = (
				DC260D271CCDC7BE00844C93 /* gitHudDemo */,
				DC260D401CCDC7BE00844C93 /* gitHudDemoTests */,
			);
		};
/* End PBXProject section */

/* Begin PBXResourcesBuildPhase section */
		DC260D261CCDC7BE00844C93 /* Resources */ = {
			isa = PBXResourcesBuildPhase;
			buildActionMask = 2147483647;
			files = (
				DC260D371CCDC7BE00844C93 /* Main.storyboard in Resources */,
				DC260D3C1CCDC7BE00844C93 /* LaunchScreen.xib in Resources */,
				DC260D391CCDC7BE00844C93 /* Images.xcassets in Resources */,
			);
			runOnlyForDeploymentPostprocessing = 0;
		};
		DC260D3F1CCDC7BE00844C93 /* Resources */ = {
			isa = PBXResourcesBuildPhase;
			buildActionMask = 2147483647;
			files = (
			);
			runOnlyForDeploymentPostprocessing = 0;
		};
/* End PBXResourcesBuildPhase section */

/* Begin PBXSourcesBuildPhase section */
		DC260D241CCDC7BE00844C93 /* Sources */ = {
			isa = PBXSourcesBuildPhase;
			buildActionMask = 2147483647;
			files = (
				DC260D341CCDC7BE00844C93 /* ViewController.m in Sources */,
				DC260D311CCDC7BE00844C93 /* AppDelegate.m in Sources */,
				DC260D2E1CCDC7BE00844C93 /* main.m in Sources */,
			);
			runOnlyForDeploymentPostprocessing = 0;
		};
		DC260D3D1CCDC7BE00844C93 /* Sources */ = {
			isa = PBXSourcesBuildPhase;
			buildActionMask = 2147483647;
			files = (
				DC260D481CCDC7BE00844C93 /* gitHudDemoTests.m in Sources */,
			);
			runOnlyForDeploymentPostprocessing = 0;
		};
/* End PBXSourcesBuildPhase section */

/* Begin PBXTargetDependency section */
		DC260D431CCDC7BE00844C93 /* PBXTargetDependency */ = {
			isa = PBXTargetDependency;
			target = DC260D271CCDC7BE00844C93 /* gitHudDemo */;
			targetProxy = DC260D421CCDC7BE00844C93 /* PBXContainerItemProxy */;
		};
/* End PBXTargetDependency section */

/* Begin PBXVariantGroup section */
		DC260D351CCDC7BE00844C93 /* Main.storyboard */ = {
			isa = PBXVariantGroup;
			children = (
				DC260D361CCDC7BE00844C93 /* Base */,
			);
			name = Main.storyboard;
			sourceTree = "<group>";
		};
		DC260D3A1CCDC7BE00844C93 /* LaunchScreen.xib */ = {
			isa = PBXVariantGroup;
			children = (
				DC260D3B1CCDC7BE00844C93 /* Base */,
			);
			name = LaunchScreen.xib;
			sourceTree = "<group>";
		};
/* End PBXVariantGroup section */

/* Begin XCBuildConfiguration section */
		DC260D491CCDC7BE00844C93 /* Debug */ = {
			isa = XCBuildConfiguration;
			buildSettings = {
				ALWAYS_SEARCH_USER_PATHS = NO;
				CLANG_CXX_LANGUAGE_STANDARD = "gnu++0x";
				CLANG_CXX_LIBRARY = "libc++";
				CLANG_ENABLE_MODULES = YES;
				CLANG_ENABLE_OBJC_ARC = YES;
				CLANG_WARN_BOOL_CONVERSION = YES;
				CLANG_WARN_CONSTANT_CONVERSION = YES;
				CLANG_WARN_DIRECT_OBJC_ISA_USAGE = YES_ERROR;
				CLANG_WARN_EMPTY_BODY = YES;
				CLANG_WARN_ENUM_CONVERSION = YES;
				CLANG_WARN_INT_CONVERSION = YES;
				CLANG_WARN_OBJC_ROOT_CLASS = YES_ERROR;
				CLANG_WARN_UNREACHABLE_CODE = YES;
				CLANG_WARN__DUPLICATE_METHOD_MATCH = YES;
				"CODE_SIGN_IDENTITY[sdk=iphoneos*]" = "iPhone Developer";
				COPY_PHASE_STRIP = NO;
				DEBUG_INFORMATION_FORMAT = "dwarf-with-dsym";
				ENABLE_STRICT_OBJC_MSGSEND = YES;
				GCC_C_LANGUAGE_STANDARD = gnu99;
				GCC_DYNAMIC_NO_PIC = NO;
				GCC_NO_COMMON_BLOCKS = YES;
				GCC_OPTIMIZATION_LEVEL = 0;
				GCC_PREPROCESSOR_DEFINITIONS = (
					"DEBUG=1",
					"$(inherited)",
				);
				GCC_SYMBOLS_PRIVATE_EXTERN = NO;
				GCC_WARN_64_TO_32_BIT_CONVERSION = YES;
				GCC_WARN_ABOUT_RETURN_TYPE = YES_ERROR;
				GCC_WARN_UNDECLARED_SELECTOR = YES;
				GCC_WARN_UNINITIALIZED_AUTOS = YES_AGGRESSIVE;
				GCC_WARN_UNUSED_FUNCTION = YES;
				GCC_WARN_UNUSED_VARIABLE = YES;
				IPHONEOS_DEPLOYMENT_TARGET = 8.4;
				MTL_ENABLE_DEBUG_INFO = YES;
				ONLY_ACTIVE_ARCH = YES;
				SDKROOT = iphoneos;
			};
			name = Debug;
		};
		DC260D4A1CCDC7BE00844C93 /* Release */ = {
			isa = XCBuildConfiguration;
			buildSettings = {
				ALWAYS_SEARCH_USER_PATHS = NO;
				CLANG_CXX_LANGUAGE_STANDARD = "gnu++0x";
				CLANG_CXX_LIBRARY = "libc++";
				CLANG_ENABLE_MODULES = YES;
				CLANG_ENABLE_OBJC_ARC = YES;
				CLANG_WARN_BOOL_CONVERSION = YES;
				CLANG_WARN_CONSTANT_CONVERSION = YES;
				CLANG_WARN_DIRECT_OBJC_ISA_USAGE = YES_ERROR;
				CLANG_WARN_EMPTY_BODY = YES;
				CLANG_WARN_ENUM_CONVERSION = YES;
				CLANG_WARN_INT_CONVERSION = YES;
				CLANG_WARN_OBJC_ROOT_CLASS = YES_ERROR;
				CLANG_WARN_UNREACHABLE_CODE = YES;
				CLANG_WARN__DUPLICATE_METHOD_MATCH = YES;
				"CODE_SIGN_IDENTITY[sdk=iphoneos*]" = "iPhone Developer";
				COPY_PHASE_STRIP = NO;
				DEBUG_INFORMATION_FORMAT = "dwarf-with-dsym";
				ENABLE_NS_ASSERTIONS = NO;
				ENABLE_STRICT_OBJC_MSGSEND = YES;
				GCC_C_LANGUAGE_STANDARD = gnu99;
				GCC_NO_COMMON_BLOCKS = YES;
				GCC_WARN_64_TO_32_BIT_CONVERSION = YES;
				GCC_WARN_ABOUT_RETURN_TYPE = YES_ERROR;
				GCC_WARN_UNDECLARED_SELECTOR = YES;
				GCC_WARN_UNINITIALIZED_AUTOS = YES_AGGRESSIVE;
				GCC_WARN_UNUSED_FUNCTION = YES;
				GCC_WARN_UNUSED_VARIABLE = YES;
				IPHONEOS_DEPLOYMENT_TARGET = 8.4;
				MTL_ENABLE_DEBUG_INFO = NO;
				SDKROOT = iphoneos;
				VALIDATE_PRODUCT = YES;
			};
			name = Release;
		};
		DC260D4C1CCDC7BE00844C93 /* Debug */ = {
			isa = XCBuildConfiguration;
			buildSettings = {
				ASSETCATALOG_COMPILER_APPICON_NAME = AppIcon;
				INFOPLIST_FILE = gitHudDemo/Info.plist;
				LD_RUNPATH_SEARCH_PATHS = "$(inherited) @executable_path/Frameworks";
				PRODUCT_NAME = "$(TARGET_NAME)";
			};
			name = Debug;
		};
		DC260D4D1CCDC7BE00844C93 /* Release */ = {
			isa = XCBuildConfiguration;
			buildSettings = {
				ASSETCATALOG_COMPILER_APPICON_NAME = AppIcon;
				INFOPLIST_FILE = gitHudDemo/Info.plist;
				LD_RUNPATH_SEARCH_PATHS = "$(inherited) @executable_path/Frameworks";
				PRODUCT_NAME = "$(TARGET_NAME)";
			};
			name = Release;
		};
		DC260D4F1CCDC7BE00844C93 /* Debug */ = {
			isa = XCBuildConfiguration;
			buildSettings = {
				BUNDLE_LOADER = "$(TEST_HOST)";
				FRAMEWORK_SEARCH_PATHS = (
					"$(SDKROOT)/Developer/Library/Frameworks",
					"$(inherited)",
				);
				GCC_PREPROCESSOR_DEFINITIONS = (
					"DEBUG=1",
					"$(inherited)",
				);
				INFOPLIST_FILE = gitHudDemoTests/Info.plist;
				LD_RUNPATH_SEARCH_PATHS = "$(inherited) @executable_path/Frameworks @loader_path/Frameworks";
				PRODUCT_NAME = "$(TARGET_NAME)";
				TEST_HOST = "$(BUILT_PRODUCTS_DIR)/gitHudDemo.app/gitHudDemo";
			};
			name = Debug;
		};
		DC260D501CCDC7BE00844C93 /* Release */ = {
			isa = XCBuildConfiguration;
			buildSettings = {
				BUNDLE_LOADER = "$(TEST_HOST)";
				FRAMEWORK_SEARCH_PATHS = (
					"$(SDKROOT)/Developer/Library/Frameworks",
					"$(inherited)",
				);
				INFOPLIST_FILE = gitHudDemoTests/Info.plist;
				LD_RUNPATH_SEARCH_PATHS = "$(inherited) @executable_path/Frameworks @loader_path/Frameworks";
				PRODUCT_NAME = "$(TARGET_NAME)";
				TEST_HOST = "$(BUILT_PRODUCTS_DIR)/gitHudDemo.app/gitHudDemo";
			};
			name = Release;
		};
/* End XCBuildConfiguration section */

/* Begin XCConfigurationList section */
		DC260D231CCDC7BE00844C93 /* Build configuration list for PBXProject "gitHudDemo" */ = {
			isa = XCConfigurationList;
			buildConfigurations = (
				DC260D491CCDC7BE00844C93 /* Debug */,
				DC260D4A1CCDC7BE00844C93 /* Release */,
			);
			defaultConfigurationIsVisible = 0;
			defaultConfigurationName = Release;
		};
		DC260D4B1CCDC7BE00844C93 /* Build configuration list for PBXNativeTarget "gitHudDemo" */ = {
			isa = XCConfigurationList;
			buildConfigurations = (
				DC260D4C1CCDC7BE00844C93 /* Debug */,
				DC260D4D1CCDC7BE00844C93 /* Release */,
			);
			defaultConfigurationIsVisible = 0;
		};
		DC260D4E1CCDC7BE00844C93 /* Build configuration list for PBXNativeTarget "gitHudDemoTests" */ = {
			isa = XCConfigurationList;
			buildConfigurations = (
				DC260D4F1CCDC7BE00844C93 /* Debug */,
				DC260D501CCDC7BE00844C93 /* Release */,
			);
			defaultConfigurationIsVisible = 0;
		};
/* End XCConfigurationList section */
	};
	rootObject = DC260D201CCDC7BE00844C93 /* Project object */;
}
